// !$*UTF8*$!
{
	archiveVersion = 1;
	classes = {
	};
	objectVersion = 56;
	objects = {

/* Begin PBXBuildFile section */
		208AAFF92C6286BD006ADC98 /* AppDelegate.swift in Sources */ = {isa = PBXBuildFile; fileRef = 208AAFF82C6286BD006ADC98 /* AppDelegate.swift */; };
		208AAFFB2C6286BD006ADC98 /* SceneDelegate.swift in Sources */ = {isa = PBXBuildFile; fileRef = 208AAFFA2C6286BD006ADC98 /* SceneDelegate.swift */; };
		208AB0002C6286BD006ADC98 /* Base in Resources */ = {isa = PBXBuildFile; fileRef = 208AAFFF2C6286BD006ADC98 /* Base */; };
		208AB0022C6286BE006ADC98 /* Assets.xcassets in Resources */ = {isa = PBXBuildFile; fileRef = 208AB0012C6286BE006ADC98 /* Assets.xcassets */; };
		208AB0052C6286BE006ADC98 /* Base in Resources */ = {isa = PBXBuildFile; fileRef = 208AB0042C6286BE006ADC98 /* Base */; };
		208AB0132C628767006ADC98 /* CourseListPresenter.swift in Sources */ = {isa = PBXBuildFile; fileRef = 208AB00D2C628767006ADC98 /* CourseListPresenter.swift */; };
		208AB0142C628767006ADC98 /* CourseListWorker.swift in Sources */ = {isa = PBXBuildFile; fileRef = 208AB00E2C628767006ADC98 /* CourseListWorker.swift */; };
		208AB0152C628767006ADC98 /* CourseListRouter.swift in Sources */ = {isa = PBXBuildFile; fileRef = 208AB00F2C628767006ADC98 /* CourseListRouter.swift */; };
		208AB0162C628767006ADC98 /* CourseListModels.swift in Sources */ = {isa = PBXBuildFile; fileRef = 208AB0102C628767006ADC98 /* CourseListModels.swift */; };
		208AB0172C628767006ADC98 /* CourseListViewController.swift in Sources */ = {isa = PBXBuildFile; fileRef = 208AB0112C628767006ADC98 /* CourseListViewController.swift */; };
		208AB0182C628767006ADC98 /* CourseListInteractor.swift in Sources */ = {isa = PBXBuildFile; fileRef = 208AB0122C628767006ADC98 /* CourseListInteractor.swift */; };
		208AB0212C6287F4006ADC98 /* CourseDetailsPresenter.swift in Sources */ = {isa = PBXBuildFile; fileRef = 208AB01B2C6287F4006ADC98 /* CourseDetailsPresenter.swift */; };
		208AB0222C6287F4006ADC98 /* CourseDetailsWorker.swift in Sources */ = {isa = PBXBuildFile; fileRef = 208AB01C2C6287F4006ADC98 /* CourseDetailsWorker.swift */; };
		208AB0232C6287F4006ADC98 /* CourseDetailsRouter.swift in Sources */ = {isa = PBXBuildFile; fileRef = 208AB01D2C6287F4006ADC98 /* CourseDetailsRouter.swift */; };
		208AB0242C6287F4006ADC98 /* CourseDetailsModels.swift in Sources */ = {isa = PBXBuildFile; fileRef = 208AB01E2C6287F4006ADC98 /* CourseDetailsModels.swift */; };
		208AB0252C6287F4006ADC98 /* CourseDetailsViewController.swift in Sources */ = {isa = PBXBuildFile; fileRef = 208AB01F2C6287F4006ADC98 /* CourseDetailsViewController.swift */; };
		208AB0262C6287F4006ADC98 /* CourseDetailsInteractor.swift in Sources */ = {isa = PBXBuildFile; fileRef = 208AB0202C6287F4006ADC98 /* CourseDetailsInteractor.swift */; };
		208AB02D2C628A64006ADC98 /* Course.swift in Sources */ = {isa = PBXBuildFile; fileRef = 208AB02C2C628A64006ADC98 /* Course.swift */; };
		208AB0302C628A88006ADC98 /* NetworkManager .swift in Sources */ = {isa = PBXBuildFile; fileRef = 208AB02F2C628A88006ADC98 /* NetworkManager .swift */; };
		208AB0322C628AA2006ADC98 /* ImageManager .swift in Sources */ = {isa = PBXBuildFile; fileRef = 208AB0312C628AA1006ADC98 /* ImageManager .swift */; };
		208AB0342C628AB3006ADC98 /* DataManager.swift in Sources */ = {isa = PBXBuildFile; fileRef = 208AB0332C628AB3006ADC98 /* DataManager.swift */; };
		208AB0362C628B0D006ADC98 /* CourseCell.swift in Sources */ = {isa = PBXBuildFile; fileRef = 208AB0352C628B0D006ADC98 /* CourseCell.swift */; };
		208AB0382C628CF8006ADC98 /* CourseDetailsConfigurator.swift in Sources */ = {isa = PBXBuildFile; fileRef = 208AB0372C628CF8006ADC98 /* CourseDetailsConfigurator.swift */; };
		208AB03A2C628D0D006ADC98 /* CourseListConfigurator .swift in Sources */ = {isa = PBXBuildFile; fileRef = 208AB0392C628D0D006ADC98 /* CourseListConfigurator .swift */; };
/* End PBXBuildFile section */

/* Begin PBXFileReference section */
		208AAFF52C6286BD006ADC98 /* CleanSwiftCourses.app */ = {isa = PBXFileReference; explicitFileType = wrapper.application; includeInIndex = 0; path = CleanSwiftCourses.app; sourceTree = BUILT_PRODUCTS_DIR; };
		208AAFF82C6286BD006ADC98 /* AppDelegate.swift */ = {isa = PBXFileReference; lastKnownFileType = sourcecode.swift; path = AppDelegate.swift; sourceTree = "<group>"; };
		208AAFFA2C6286BD006ADC98 /* SceneDelegate.swift */ = {isa = PBXFileReference; lastKnownFileType = sourcecode.swift; path = SceneDelegate.swift; sourceTree = "<group>"; };
		208AAFFF2C6286BD006ADC98 /* Base */ = {isa = PBXFileReference; lastKnownFileType = file.storyboard; name = Base; path = Base.lproj/Main.storyboard; sourceTree = "<group>"; };
		208AB0012C6286BE006ADC98 /* Assets.xcassets */ = {isa = PBXFileReference; lastKnownFileType = folder.assetcatalog; path = Assets.xcassets; sourceTree = "<group>"; };
		208AB0042C6286BE006ADC98 /* Base */ = {isa = PBXFileReference; lastKnownFileType = file.storyboard; name = Base; path = Base.lproj/LaunchScreen.storyboard; sourceTree = "<group>"; };
		208AB0062C6286BE006ADC98 /* Info.plist */ = {isa = PBXFileReference; lastKnownFileType = text.plist.xml; path = Info.plist; sourceTree = "<group>"; };
		208AB00D2C628767006ADC98 /* CourseListPresenter.swift */ = {isa = PBXFileReference; lastKnownFileType = sourcecode.swift; path = CourseListPresenter.swift; sourceTree = "<group>"; };
		208AB00E2C628767006ADC98 /* CourseListWorker.swift */ = {isa = PBXFileReference; lastKnownFileType = sourcecode.swift; path = CourseListWorker.swift; sourceTree = "<group>"; };
		208AB00F2C628767006ADC98 /* CourseListRouter.swift */ = {isa = PBXFileReference; lastKnownFileType = sourcecode.swift; path = CourseListRouter.swift; sourceTree = "<group>"; };
		208AB0102C628767006ADC98 /* CourseListModels.swift */ = {isa = PBXFileReference; lastKnownFileType = sourcecode.swift; path = CourseListModels.swift; sourceTree = "<group>"; };
		208AB0112C628767006ADC98 /* CourseListViewController.swift */ = {isa = PBXFileReference; lastKnownFileType = sourcecode.swift; path = CourseListViewController.swift; sourceTree = "<group>"; };
		208AB0122C628767006ADC98 /* CourseListInteractor.swift */ = {isa = PBXFileReference; lastKnownFileType = sourcecode.swift; path = CourseListInteractor.swift; sourceTree = "<group>"; };
		208AB01B2C6287F4006ADC98 /* CourseDetailsPresenter.swift */ = {isa = PBXFileReference; lastKnownFileType = sourcecode.swift; path = CourseDetailsPresenter.swift; sourceTree = "<group>"; };
		208AB01C2C6287F4006ADC98 /* CourseDetailsWorker.swift */ = {isa = PBXFileReference; lastKnownFileType = sourcecode.swift; path = CourseDetailsWorker.swift; sourceTree = "<group>"; };
		208AB01D2C6287F4006ADC98 /* CourseDetailsRouter.swift */ = {isa = PBXFileReference; lastKnownFileType = sourcecode.swift; path = CourseDetailsRouter.swift; sourceTree = "<group>"; };
		208AB01E2C6287F4006ADC98 /* CourseDetailsModels.swift */ = {isa = PBXFileReference; lastKnownFileType = sourcecode.swift; path = CourseDetailsModels.swift; sourceTree = "<group>"; };
		208AB01F2C6287F4006ADC98 /* CourseDetailsViewController.swift */ = {isa = PBXFileReference; lastKnownFileType = sourcecode.swift; path = CourseDetailsViewController.swift; sourceTree = "<group>"; };
		208AB0202C6287F4006ADC98 /* CourseDetailsInteractor.swift */ = {isa = PBXFileReference; lastKnownFileType = sourcecode.swift; path = CourseDetailsInteractor.swift; sourceTree = "<group>"; };
		208AB02C2C628A64006ADC98 /* Course.swift */ = {isa = PBXFileReference; lastKnownFileType = sourcecode.swift; path = Course.swift; sourceTree = "<group>"; };
		208AB02F2C628A88006ADC98 /* NetworkManager .swift */ = {isa = PBXFileReference; lastKnownFileType = sourcecode.swift; path = "NetworkManager .swift"; sourceTree = "<group>"; };
		208AB0312C628AA1006ADC98 /* ImageManager .swift */ = {isa = PBXFileReference; lastKnownFileType = sourcecode.swift; path = "ImageManager .swift"; sourceTree = "<group>"; };
		208AB0332C628AB3006ADC98 /* DataManager.swift */ = {isa = PBXFileReference; lastKnownFileType = sourcecode.swift; path = DataManager.swift; sourceTree = "<group>"; };
		208AB0352C628B0D006ADC98 /* CourseCell.swift */ = {isa = PBXFileReference; lastKnownFileType = sourcecode.swift; path = CourseCell.swift; sourceTree = "<group>"; };
		208AB0372C628CF8006ADC98 /* CourseDetailsConfigurator.swift */ = {isa = PBXFileReference; lastKnownFileType = sourcecode.swift; path = CourseDetailsConfigurator.swift; sourceTree = "<group>"; };
		208AB0392C628D0D006ADC98 /* CourseListConfigurator .swift */ = {isa = PBXFileReference; lastKnownFileType = sourcecode.swift; path = "CourseListConfigurator .swift"; sourceTree = "<group>"; };
/* End PBXFileReference section */

/* Begin PBXFrameworksBuildPhase section */
		208AAFF22C6286BD006ADC98 /* Frameworks */ = {
			isa = PBXFrameworksBuildPhase;
			buildActionMask = 2147483647;
			files = (
			);
			runOnlyForDeploymentPostprocessing = 0;
		};
/* End PBXFrameworksBuildPhase section */

/* Begin PBXGroup section */
		208AAFEC2C6286BD006ADC98 = {
			isa = PBXGroup;
			children = (
				208AAFF72C6286BD006ADC98 /* CleanSwiftCourses */,
				208AAFF62C6286BD006ADC98 /* Products */,
			);
			sourceTree = "<group>";
		};
		208AAFF62C6286BD006ADC98 /* Products */ = {
			isa = PBXGroup;
			children = (
				208AAFF52C6286BD006ADC98 /* CleanSwiftCourses.app */,
			);
			name = Products;
			sourceTree = "<group>";
		};
		208AAFF72C6286BD006ADC98 /* CleanSwiftCourses */ = {
			isa = PBXGroup;
			children = (
				208AB00C2C6286FC006ADC98 /* CourseList */,
				208AB01A2C628795006ADC98 /* CourseDetails */,
				208AB02B2C628A53006ADC98 /* Models */,
				208AB02E2C628A78006ADC98 /* Services */,
				208AB0272C62884D006ADC98 /* Storyaboard */,
				208AB02A2C6289AA006ADC98 /* Supporting Files */,
				208AB0282C62887A006ADC98 /* Resurses */,
			);
			path = CleanSwiftCourses;
			sourceTree = "<group>";
		};
		208AB00C2C6286FC006ADC98 /* CourseList */ = {
			isa = PBXGroup;
			children = (
				208AB0192C628781006ADC98 /* CourseCell */,
				208AB0112C628767006ADC98 /* CourseListViewController.swift */,
				208AB0122C628767006ADC98 /* CourseListInteractor.swift */,
				208AB00D2C628767006ADC98 /* CourseListPresenter.swift */,
				208AB00F2C628767006ADC98 /* CourseListRouter.swift */,
				208AB00E2C628767006ADC98 /* CourseListWorker.swift */,
				208AB0102C628767006ADC98 /* CourseListModels.swift */,
				208AB0392C628D0D006ADC98 /* CourseListConfigurator .swift */,
			);
			path = CourseList;
			sourceTree = "<group>";
		};
		208AB0192C628781006ADC98 /* CourseCell */ = {
			isa = PBXGroup;
			children = (
				208AB0352C628B0D006ADC98 /* CourseCell.swift */,
			);
			path = CourseCell;
			sourceTree = "<group>";
		};
		208AB01A2C628795006ADC98 /* CourseDetails */ = {
			isa = PBXGroup;
			children = (
				208AB01F2C6287F4006ADC98 /* CourseDetailsViewController.swift */,
				208AB0202C6287F4006ADC98 /* CourseDetailsInteractor.swift */,
				208AB01B2C6287F4006ADC98 /* CourseDetailsPresenter.swift */,
				208AB01C2C6287F4006ADC98 /* CourseDetailsWorker.swift */,
				208AB01D2C6287F4006ADC98 /* CourseDetailsRouter.swift */,
				208AB01E2C6287F4006ADC98 /* CourseDetailsModels.swift */,
				208AB0372C628CF8006ADC98 /* CourseDetailsConfigurator.swift */,
			);
			path = CourseDetails;
			sourceTree = "<group>";
		};
		208AB0272C62884D006ADC98 /* Storyaboard */ = {
			isa = PBXGroup;
			children = (
				208AAFFE2C6286BD006ADC98 /* Main.storyboard */,
				208AB0032C6286BE006ADC98 /* LaunchScreen.storyboard */,
			);
			path = Storyaboard;
			sourceTree = "<group>";
		};
		208AB0282C62887A006ADC98 /* Resurses */ = {
			isa = PBXGroup;
			children = (
				208AB0012C6286BE006ADC98 /* Assets.xcassets */,
			);
			path = Resurses;
			sourceTree = "<group>";
		};
		208AB02A2C6289AA006ADC98 /* Supporting Files */ = {
			isa = PBXGroup;
			children = (
				208AAFF82C6286BD006ADC98 /* AppDelegate.swift */,
				208AAFFA2C6286BD006ADC98 /* SceneDelegate.swift */,
				208AB0062C6286BE006ADC98 /* Info.plist */,
			);
			path = "Supporting Files";
			sourceTree = "<group>";
		};
		208AB02B2C628A53006ADC98 /* Models */ = {
			isa = PBXGroup;
			children = (
				208AB02C2C628A64006ADC98 /* Course.swift */,
			);
			path = Models;
			sourceTree = "<group>";
		};
		208AB02E2C628A78006ADC98 /* Services */ = {
			isa = PBXGroup;
			children = (
				208AB02F2C628A88006ADC98 /* NetworkManager .swift */,
				208AB0312C628AA1006ADC98 /* ImageManager .swift */,
				208AB0332C628AB3006ADC98 /* DataManager.swift */,
			);
			path = Services;
			sourceTree = "<group>";
		};
/* End PBXGroup section */

/* Begin PBXNativeTarget section */
		208AAFF42C6286BD006ADC98 /* CleanSwiftCourses */ = {
			isa = PBXNativeTarget;
			buildConfigurationList = 208AB0092C6286BE006ADC98 /* Build configuration list for PBXNativeTarget "CleanSwiftCourses" */;
			buildPhases = (
				208AAFF12C6286BD006ADC98 /* Sources */,
				208AAFF22C6286BD006ADC98 /* Frameworks */,
				208AAFF32C6286BD006ADC98 /* Resources */,
			);
			buildRules = (
			);
			dependencies = (
			);
			name = CleanSwiftCourses;
			productName = CleanSwiftCourses;
			productReference = 208AAFF52C6286BD006ADC98 /* CleanSwiftCourses.app */;
			productType = "com.apple.product-type.application";
		};
/* End PBXNativeTarget section */

/* Begin PBXProject section */
		208AAFED2C6286BD006ADC98 /* Project object */ = {
			isa = PBXProject;
			attributes = {
				BuildIndependentTargetsInParallel = 1;
				LastSwiftUpdateCheck = 1540;
				LastUpgradeCheck = 1540;
				TargetAttributes = {
					208AAFF42C6286BD006ADC98 = {
						CreatedOnToolsVersion = 15.4;
					};
				};
			};
			buildConfigurationList = 208AAFF02C6286BD006ADC98 /* Build configuration list for PBXProject "CleanSwiftCourses" */;
			compatibilityVersion = "Xcode 14.0";
			developmentRegion = en;
			hasScannedForEncodings = 0;
			knownRegions = (
				en,
				Base,
			);
			mainGroup = 208AAFEC2C6286BD006ADC98;
			productRefGroup = 208AAFF62C6286BD006ADC98 /* Products */;
			projectDirPath = "";
			projectRoot = "";
			targets = (
				208AAFF42C6286BD006ADC98 /* CleanSwiftCourses */,
			);
		};
/* End PBXProject section */

/* Begin PBXResourcesBuildPhase section */
		208AAFF32C6286BD006ADC98 /* Resources */ = {
			isa = PBXResourcesBuildPhase;
			buildActionMask = 2147483647;
			files = (
				208AB0022C6286BE006ADC98 /* Assets.xcassets in Resources */,
				208AB0052C6286BE006ADC98 /* Base in Resources */,
				208AB0002C6286BD006ADC98 /* Base in Resources */,
			);
			runOnlyForDeploymentPostprocessing = 0;
		};
/* End PBXResourcesBuildPhase section */

/* Begin PBXSourcesBuildPhase section */
		208AAFF12C6286BD006ADC98 /* Sources */ = {
			isa = PBXSourcesBuildPhase;
			buildActionMask = 2147483647;
			files = (
				208AB0382C628CF8006ADC98 /* CourseDetailsConfigurator.swift in Sources */,
				208AB0322C628AA2006ADC98 /* ImageManager .swift in Sources */,
				208AB0212C6287F4006ADC98 /* CourseDetailsPresenter.swift in Sources */,
				208AB0222C6287F4006ADC98 /* CourseDetailsWorker.swift in Sources */,
				208AB0232C6287F4006ADC98 /* CourseDetailsRouter.swift in Sources */,
				208AB0242C6287F4006ADC98 /* CourseDetailsModels.swift in Sources */,
				208AB0252C6287F4006ADC98 /* CourseDetailsViewController.swift in Sources */,
				208AB0302C628A88006ADC98 /* NetworkManager .swift in Sources */,
				208AB0342C628AB3006ADC98 /* DataManager.swift in Sources */,
				208AB0262C6287F4006ADC98 /* CourseDetailsInteractor.swift in Sources */,
				208AB03A2C628D0D006ADC98 /* CourseListConfigurator .swift in Sources */,
				208AB0132C628767006ADC98 /* CourseListPresenter.swift in Sources */,
				208AB0142C628767006ADC98 /* CourseListWorker.swift in Sources */,
				208AB0152C628767006ADC98 /* CourseListRouter.swift in Sources */,
				208AB0162C628767006ADC98 /* CourseListModels.swift in Sources */,
				208AB0172C628767006ADC98 /* CourseListViewController.swift in Sources */,
				208AB0362C628B0D006ADC98 /* CourseCell.swift in Sources */,
				208AB0182C628767006ADC98 /* CourseListInteractor.swift in Sources */,
				208AB02D2C628A64006ADC98 /* Course.swift in Sources */,
				208AAFF92C6286BD006ADC98 /* AppDelegate.swift in Sources */,
				208AAFFB2C6286BD006ADC98 /* SceneDelegate.swift in Sources */,
			);
			runOnlyForDeploymentPostprocessing = 0;
		};
/* End PBXSourcesBuildPhase section */

/* Begin PBXVariantGroup section */
		208AAFFE2C6286BD006ADC98 /* Main.storyboard */ = {
			isa = PBXVariantGroup;
			children = (
				208AAFFF2C6286BD006ADC98 /* Base */,
			);
			name = Main.storyboard;
			sourceTree = "<group>";
		};
		208AB0032C6286BE006ADC98 /* LaunchScreen.storyboard */ = {
			isa = PBXVariantGroup;
			children = (
				208AB0042C6286BE006ADC98 /* Base */,
			);
			name = LaunchScreen.storyboard;
			sourceTree = "<group>";
		};
/* End PBXVariantGroup section */

/* Begin XCBuildConfiguration section */
		208AB0072C6286BE006ADC98 /* Debug */ = {
			isa = XCBuildConfiguration;
			buildSettings = {
				ALWAYS_SEARCH_USER_PATHS = NO;
				ASSETCATALOG_COMPILER_GENERATE_SWIFT_ASSET_SYMBOL_EXTENSIONS = YES;
				CLANG_ANALYZER_NONNULL = YES;
				CLANG_ANALYZER_NUMBER_OBJECT_CONVERSION = YES_AGGRESSIVE;
				CLANG_CXX_LANGUAGE_STANDARD = "gnu++20";
				CLANG_ENABLE_MODULES = YES;
				CLANG_ENABLE_OBJC_ARC = YES;
				CLANG_ENABLE_OBJC_WEAK = YES;
				CLANG_WARN_BLOCK_CAPTURE_AUTORELEASING = YES;
				CLANG_WARN_BOOL_CONVERSION = YES;
				CLANG_WARN_COMMA = YES;
				CLANG_WARN_CONSTANT_CONVERSION = YES;
				CLANG_WARN_DEPRECATED_OBJC_IMPLEMENTATIONS = YES;
				CLANG_WARN_DIRECT_OBJC_ISA_USAGE = YES_ERROR;
				CLANG_WARN_DOCUMENTATION_COMMENTS = YES;
				CLANG_WARN_EMPTY_BODY = YES;
				CLANG_WARN_ENUM_CONVERSION = YES;
				CLANG_WARN_INFINITE_RECURSION = YES;
				CLANG_WARN_INT_CONVERSION = YES;
				CLANG_WARN_NON_LITERAL_NULL_CONVERSION = YES;
				CLANG_WARN_OBJC_IMPLICIT_RETAIN_SELF = YES;
				CLANG_WARN_OBJC_LITERAL_CONVERSION = YES;
				CLANG_WARN_OBJC_ROOT_CLASS = YES_ERROR;
				CLANG_WARN_QUOTED_INCLUDE_IN_FRAMEWORK_HEADER = YES;
				CLANG_WARN_RANGE_LOOP_ANALYSIS = YES;
				CLANG_WARN_STRICT_PROTOTYPES = YES;
				CLANG_WARN_SUSPICIOUS_MOVE = YES;
				CLANG_WARN_UNGUARDED_AVAILABILITY = YES_AGGRESSIVE;
				CLANG_WARN_UNREACHABLE_CODE = YES;
				CLANG_WARN__DUPLICATE_METHOD_MATCH = YES;
				COPY_PHASE_STRIP = NO;
				DEBUG_INFORMATION_FORMAT = dwarf;
				ENABLE_STRICT_OBJC_MSGSEND = YES;
				ENABLE_TESTABILITY = YES;
				ENABLE_USER_SCRIPT_SANDBOXING = YES;
				GCC_C_LANGUAGE_STANDARD = gnu17;
				GCC_DYNAMIC_NO_PIC = NO;
				GCC_NO_COMMON_BLOCKS = YES;
				GCC_OPTIMIZATION_LEVEL = 0;
				GCC_PREPROCESSOR_DEFINITIONS = (
					"DEBUG=1",
					"$(inherited)",
				);
				GCC_WARN_64_TO_32_BIT_CONVERSION = YES;
				GCC_WARN_ABOUT_RETURN_TYPE = YES_ERROR;
				GCC_WARN_UNDECLARED_SELECTOR = YES;
				GCC_WARN_UNINITIALIZED_AUTOS = YES_AGGRESSIVE;
				GCC_WARN_UNUSED_FUNCTION = YES;
				GCC_WARN_UNUSED_VARIABLE = YES;
				IPHONEOS_DEPLOYMENT_TARGET = 17.5;
				LOCALIZATION_PREFERS_STRING_CATALOGS = YES;
				MTL_ENABLE_DEBUG_INFO = INCLUDE_SOURCE;
				MTL_FAST_MATH = YES;
				ONLY_ACTIVE_ARCH = YES;
				SDKROOT = iphoneos;
				SWIFT_ACTIVE_COMPILATION_CONDITIONS = "DEBUG $(inherited)";
				SWIFT_OPTIMIZATION_LEVEL = "-Onone";
			};
			name = Debug;
		};
		208AB0082C6286BE006ADC98 /* Release */ = {
			isa = XCBuildConfiguration;
			buildSettings = {
				ALWAYS_SEARCH_USER_PATHS = NO;
				ASSETCATALOG_COMPILER_GENERATE_SWIFT_ASSET_SYMBOL_EXTENSIONS = YES;
				CLANG_ANALYZER_NONNULL = YES;
				CLANG_ANALYZER_NUMBER_OBJECT_CONVERSION = YES_AGGRESSIVE;
				CLANG_CXX_LANGUAGE_STANDARD = "gnu++20";
				CLANG_ENABLE_MODULES = YES;
				CLANG_ENABLE_OBJC_ARC = YES;
				CLANG_ENABLE_OBJC_WEAK = YES;
				CLANG_WARN_BLOCK_CAPTURE_AUTORELEASING = YES;
				CLANG_WARN_BOOL_CONVERSION = YES;
				CLANG_WARN_COMMA = YES;
				CLANG_WARN_CONSTANT_CONVERSION = YES;
				CLANG_WARN_DEPRECATED_OBJC_IMPLEMENTATIONS = YES;
				CLANG_WARN_DIRECT_OBJC_ISA_USAGE = YES_ERROR;
				CLANG_WARN_DOCUMENTATION_COMMENTS = YES;
				CLANG_WARN_EMPTY_BODY = YES;
				CLANG_WARN_ENUM_CONVERSION = YES;
				CLANG_WARN_INFINITE_RECURSION = YES;
				CLANG_WARN_INT_CONVERSION = YES;
				CLANG_WARN_NON_LITERAL_NULL_CONVERSION = YES;
				CLANG_WARN_OBJC_IMPLICIT_RETAIN_SELF = YES;
				CLANG_WARN_OBJC_LITERAL_CONVERSION = YES;
				CLANG_WARN_OBJC_ROOT_CLASS = YES_ERROR;
				CLANG_WARN_QUOTED_INCLUDE_IN_FRAMEWORK_HEADER = YES;
				CLANG_WARN_RANGE_LOOP_ANALYSIS = YES;
				CLANG_WARN_STRICT_PROTOTYPES = YES;
				CLANG_WARN_SUSPICIOUS_MOVE = YES;
				CLANG_WARN_UNGUARDED_AVAILABILITY = YES_AGGRESSIVE;
				CLANG_WARN_UNREACHABLE_CODE = YES;
				CLANG_WARN__DUPLICATE_METHOD_MATCH = YES;
				COPY_PHASE_STRIP = NO;
				DEBUG_INFORMATION_FORMAT = "dwarf-with-dsym";
				ENABLE_NS_ASSERTIONS = NO;
				ENABLE_STRICT_OBJC_MSGSEND = YES;
				ENABLE_USER_SCRIPT_SANDBOXING = YES;
				GCC_C_LANGUAGE_STANDARD = gnu17;
				GCC_NO_COMMON_BLOCKS = YES;
				GCC_WARN_64_TO_32_BIT_CONVERSION = YES;
				GCC_WARN_ABOUT_RETURN_TYPE = YES_ERROR;
				GCC_WARN_UNDECLARED_SELECTOR = YES;
				GCC_WARN_UNINITIALIZED_AUTOS = YES_AGGRESSIVE;
				GCC_WARN_UNUSED_FUNCTION = YES;
				GCC_WARN_UNUSED_VARIABLE = YES;
				IPHONEOS_DEPLOYMENT_TARGET = 17.5;
				LOCALIZATION_PREFERS_STRING_CATALOGS = YES;
				MTL_ENABLE_DEBUG_INFO = NO;
				MTL_FAST_MATH = YES;
				SDKROOT = iphoneos;
				SWIFT_COMPILATION_MODE = wholemodule;
				VALIDATE_PRODUCT = YES;
			};
			name = Release;
		};
		208AB00A2C6286BE006ADC98 /* Debug */ = {
			isa = XCBuildConfiguration;
			buildSettings = {
				ASSETCATALOG_COMPILER_APPICON_NAME = AppIcon;
				ASSETCATALOG_COMPILER_GLOBAL_ACCENT_COLOR_NAME = AccentColor;
				CODE_SIGN_STYLE = Automatic;
				CURRENT_PROJECT_VERSION = 1;
				DEVELOPMENT_TEAM = 4388DYHSZ6;
				GENERATE_INFOPLIST_FILE = YES;
				INFOPLIST_FILE = "CleanSwiftCourses/Supporting Files/Info.plist";
				INFOPLIST_KEY_UIApplicationSupportsIndirectInputEvents = YES;
				INFOPLIST_KEY_UILaunchStoryboardName = LaunchScreen;
				INFOPLIST_KEY_UIMainStoryboardFile = Main;
				INFOPLIST_KEY_UISupportedInterfaceOrientations = UIInterfaceOrientationPortrait;
				INFOPLIST_KEY_UISupportedInterfaceOrientations_iPad = "UIInterfaceOrientationLandscapeLeft UIInterfaceOrientationLandscapeRight UIInterfaceOrientationPortrait UIInterfaceOrientationPortraitUpsideDown";
				LD_RUNPATH_SEARCH_PATHS = (
					"$(inherited)",
					"@executable_path/Frameworks",
				);
				MARKETING_VERSION = 1.0;
				PRODUCT_BUNDLE_IDENTIFIER = KobelevaDaria.CleanSwiftCourses;
				PRODUCT_NAME = "$(TARGET_NAME)";
				SUPPORTED_PLATFORMS = "iphoneos iphonesimulator";
				SUPPORTS_MACCATALYST = NO;
				SUPPORTS_MAC_DESIGNED_FOR_IPHONE_IPAD = NO;
				SUPPORTS_XR_DESIGNED_FOR_IPHONE_IPAD = NO;
				SWIFT_EMIT_LOC_STRINGS = YES;
				SWIFT_VERSION = 5.0;
				TARGETED_DEVICE_FAMILY = 1;
			};
			name = Debug;
		};
		208AB00B2C6286BE006ADC98 /* Release */ = {
			isa = XCBuildConfiguration;
			buildSettings = {
				ASSETCATALOG_COMPILER_APPICON_NAME = AppIcon;
				ASSETCATALOG_COMPILER_GLOBAL_ACCENT_COLOR_NAME = AccentColor;
				CODE_SIGN_STYLE = Automatic;
				CURRENT_PROJECT_VERSION = 1;
				DEVELOPMENT_TEAM = 4388DYHSZ6;
				GENERATE_INFOPLIST_FILE = YES;
				INFOPLIST_FILE = "CleanSwiftCourses/Supporting Files/Info.plist";
				INFOPLIST_KEY_UIApplicationSupportsIndirectInputEvents = YES;
				INFOPLIST_KEY_UILaunchStoryboardName = LaunchScreen;
				INFOPLIST_KEY_UIMainStoryboardFile = Main;
				INFOPLIST_KEY_UISupportedInterfaceOrientations = UIInterfaceOrientationPortrait;
				INFOPLIST_KEY_UISupportedInterfaceOrientations_iPad = "UIInterfaceOrientationLandscapeLeft UIInterfaceOrientationLandscapeRight UIInterfaceOrientationPortrait UIInterfaceOrientationPortraitUpsideDown";
				LD_RUNPATH_SEARCH_PATHS = (
					"$(inherited)",
					"@executable_path/Frameworks",
				);
				MARKETING_VERSION = 1.0;
				PRODUCT_BUNDLE_IDENTIFIER = KobelevaDaria.CleanSwiftCourses;
				PRODUCT_NAME = "$(TARGET_NAME)";
				SUPPORTED_PLATFORMS = "iphoneos iphonesimulator";
				SUPPORTS_MACCATALYST = NO;
				SUPPORTS_MAC_DESIGNED_FOR_IPHONE_IPAD = NO;
				SUPPORTS_XR_DESIGNED_FOR_IPHONE_IPAD = NO;
				SWIFT_EMIT_LOC_STRINGS = YES;
				SWIFT_VERSION = 5.0;
				TARGETED_DEVICE_FAMILY = 1;
			};
			name = Release;
		};
/* End XCBuildConfiguration section */

/* Begin XCConfigurationList section */
		208AAFF02C6286BD006ADC98 /* Build configuration list for PBXProject "CleanSwiftCourses" */ = {
			isa = XCConfigurationList;
			buildConfigurations = (
				208AB0072C6286BE006ADC98 /* Debug */,
				208AB0082C6286BE006ADC98 /* Release */,
			);
			defaultConfigurationIsVisible = 0;
			defaultConfigurationName = Release;
		};
		208AB0092C6286BE006ADC98 /* Build configuration list for PBXNativeTarget "CleanSwiftCourses" */ = {
			isa = XCConfigurationList;
			buildConfigurations = (
				208AB00A2C6286BE006ADC98 /* Debug */,
				208AB00B2C6286BE006ADC98 /* Release */,
			);
			defaultConfigurationIsVisible = 0;
			defaultConfigurationName = Release;
		};
/* End XCConfigurationList section */
	};
	rootObject = 208AAFED2C6286BD006ADC98 /* Project object */;
}
